# @generated - this file is auto-generated by `mise lock` https://mise.jdx.dev/dev-tools/mise-lock.html

lockfile_version = 1

[[tools.go]]
version = "1.27.1"
backend = "core:go"
specifiers = ["latest"]

[tools.go."platforms.linux-arm64"]
checksum = "sha256:3450b45a3f9ee8568792736a5c5e70a1f2e9b36c35a8f74958c03e51d7d92bec"
url = "https://dl.google.com/go/go1.27.1.linux-arm64.tar.gz"

[tools.go."platforms.linux-arm64-musl"]
checksum = "sha256:3450b45a3f9ee8568792736a5c5e70a1f2e9b36c35a8f74958c03e51d7d92bec"
url = "https://dl.google.com/go/go1.27.1.linux-arm64.tar.gz"

[tools.go."platforms.linux-x64"]
checksum = "sha256:63d339f0da5ab53635a56f2490a7984dfe12dfcff22ad749f63edaf590168445"
url = "https://dl.google.com/go/go1.27.1.linux-amd64.tar.gz"

[tools.go."platforms.linux-x64-musl"]
checksum = "sha256:63d339f0da5ab53635a56f2490a7984dfe12dfcff22ad749f63edaf590168445"
url = "https://dl.google.com/go/go1.27.1.linux-amd64.tar.gz"

[tools.go."platforms.macos-arm64"]
checksum = "sha256:ee215d57e0ec269c60cc9ceca68e6bda321ba9ee5afe24f4b0988703c2d87d12"
url = "https://dl.google.com/go/go1.27.1.darwin-arm64.tar.gz"

[tools.go."platforms.macos-x64"]
checksum = "sha256:8f8f52c6649542cf027bbc9b9c68d1ec042f9f34808a40413f0b8b3f66f3caa4"
url = "https://dl.google.com/go/go1.27.1.darwin-amd64.tar.gz"

[tools.go."platforms.windows-x64"]
checksum = "sha256:a3911b5e0e1b1053f25ed0675f4c1c6aad1e2bfcf253df2b9be4caabd2edd95d"
url = "https://dl.google.com/go/go1.27.1.windows-amd64.zip"

[[tools.node]]
version = "24.20.0"
backend = "core:node"
specifiers = ["24"]

[tools.node."platforms.linux-arm64"]
checksum = "sha256:3515603e2487879a39bc75716f1a2affd027500c64ba50e845cf72cb33219013"
url = "https://nodejs.org/dist/v24.20.0/node-v24.20.0-linux-arm64.tar.gz"

[tools.node."platforms.linux-arm64-musl"]
checksum = "sha256:2c8c507ccb0f20812d9526ba8ca454b1652aadef68fc8bad06f07fb1122dd1ef"
url = "https://unofficial-builds.nodejs.org/download/release/v24.20.0/node-v24.20.0-linux-arm64-musl.tar.gz"

[tools.node."platforms.linux-x64"]
checksum = "sha256:855d581f8a4eb1a8117e3426de25fe02770592febcfb31369aee1ffbfee9e8ec"
url = "https://nodejs.org/dist/v24.20.0/node-v24.20.0-linux-x64.tar.gz"

[tools.node."platforms.linux-x64-musl"]
checksum = "sha256:9ae1399fef4bd8990e15773ce1327b336a20b9e97d8c7549f4f42ca73c43f562"
url = "https://unofficial-builds.nodejs.org/download/release/v24.20.0/node-v24.20.0-linux-x64-musl.tar.gz"

[tools.node."platforms.macos-arm64"]
checksum = "sha256:40e5607e5ecb3db9192723776da2d75d966260fc74a7a9e731c1bd67dda96bc8"
url = "https://nodejs.org/dist/v24.20.0/node-v24.20.0-darwin-arm64.tar.gz"

[tools.node."platforms.macos-x64"]
checksum = "sha256:9e5b2644cf107befb6aefca676b96d3296bc10138096f022ed378d6233ed81f4"
url = "https://nodejs.org/dist/v24.20.0/node-v24.20.0-darwin-x64.tar.gz"

[tools.node."platforms.windows-x64"]
checksum = "sha256:6cac9ffbca8f6a47091e4b5c772e0606049c3871cb67d900c0cedde630e545ba"
url = "https://nodejs.org/dist/v24.20.0/node-v24.20.0-win-x64.zip"

[[tools.pdm]]
version = "2.29.0"
backend = "pipx:pdm"
specifiers = ["latest"]

[[tools.terraform]]
version = "1.16.0"
backend = "aqua:hashicorp/terraform"
specifiers = ["latest"]

[tools.terraform."platforms.linux-arm64"]
checksum = "sha256:60f86cea49a653e22a93c000f16cbfa391ce41c6f6a11d36557c35da411f684c"
url = "https://releases.hashicorp.com/terraform/1.16.0/terraform_1.16.0_linux_arm64.zip"

[tools.terraform."platforms.linux-arm64-musl"]
checksum = "sha256:60f86cea49a653e22a93c000f16cbfa391ce41c6f6a11d36557c35da411f684c"
url = "https://releases.hashicorp.com/terraform/1.16.0/terraform_1.16.0_linux_arm64.zip"

[tools.terraform."platforms.linux-x64"]
checksum = "sha256:41d05b927aa174f15d1228c4eba832a323b716c68b415ef5a00179f46cc602d3"
url = "https://releases.hashicorp.com/terraform/1.16.0/terraform_1.16.0_linux_amd64.zip"

[tools.terraform."platforms.linux-x64-musl"]
checksum = "sha256:41d05b927aa174f15d1228c4eba832a323b716c68b415ef5a00179f46cc602d3"
url = "https://releases.hashicorp.com/terraform/1.16.0/terraform_1.16.0_linux_amd64.zip"

[tools.terraform."platforms.macos-arm64"]
checksum = "sha256:5dd692c6cc76b596029ff3c2b2b4c3a1710f92d3de6d2da3f66bd2e0c2daa92a"
url = "https://releases.hashicorp.com/terraform/1.16.0/terraform_1.16.0_darwin_arm64.zip"

[tools.terraform."platforms.macos-x64"]
checksum = "sha256:2b2b7d37f6893474fa3622fa96053e54949c4ddfca4aba105380718157936465"
url = "https://releases.hashicorp.com/terraform/1.16.0/terraform_1.16.0_darwin_amd64.zip"

[tools.terraform."platforms.windows-x64"]
checksum = "sha256:2a50a95205189c1c9fcefbd34eaa9e94ec905a32a4880bfea34ef9f97757c73f"
url = "https://releases.hashicorp.com/terraform/1.16.0/terraform_1.16.0_windows_amd64.zip"

[[tools.uv]]
version = "0.12.9"
backend = "aqua:astral-sh/uv"
specifiers = ["latest"]

[tools.uv."platforms.linux-arm64"]
checksum = "sha256:c36fe17937ff6bd16dc42fc13854b5465999fcab2efe0af559381e945e3c6001"
url = "https://github.com/astral-sh/uv/releases/download/0.12.9/uv-aarch64-unknown-linux-gnu.tar.gz"
url_api = "https://api.github.com/repos/astral-sh/uv/releases/assets/540200939"
provenance = "github-attestations"

[tools.uv."platforms.linux-arm64-musl"]
checksum = "sha256:7eb9bf48516448c9db6a9e436d8e747ac9c8a9cac74717160a29918249b080a6"
url = "https://github.com/astral-sh/uv/releases/download/0.12.9/uv-aarch64-unknown-linux-musl.tar.gz"
url_api = "https://api.github.com/repos/astral-sh/uv/releases/assets/540200941"
provenance = "github-attestations"

[tools.uv."platforms.linux-x64"]
checksum = "sha256:ec7a99cd05e0cd7f80243f135ce1361c76835cb0ee60055d14d20eba8eba1460"
url = "https://github.com/astral-sh/uv/releases/download/0.12.9/uv-x86_64-unknown-linux-gnu.tar.gz"
url_api = "https://api.github.com/repos/astral-sh/uv/releases/assets/540201041"
provenance = "github-attestations"

[tools.uv."platforms.linux-x64-musl"]
checksum = "sha256:aa4b1f8770910f7c7c543c7acc980e4270e52e70750c996acef813ea1c7c2912"
url = "https://github.com/astral-sh/uv/releases/download/0.12.9/uv-x86_64-unknown-linux-musl.tar.gz"
url_api = "https://api.github.com/repos/astral-sh/uv/releases/assets/540201044"
provenance = "github-attestations"

[tools.uv."platforms.macos-arm64"]
checksum = "sha256:301f72afaf54060f92da7016cb0115bd077f43a9c8e39c1d8170a0bac80fd398"
url = "https://github.com/astral-sh/uv/releases/download/0.12.9/uv-aarch64-apple-darwin.tar.gz"
url_api = "https://api.github.com/repos/astral-sh/uv/releases/assets/540200930"
provenance = "github-attestations"

[tools.uv."platforms.macos-x64"]
checksum = "sha256:e1ca175824f1056589ce9908f7631879ebc3c36535b5e63dc06510beb370b4c1"
url = "https://github.com/astral-sh/uv/releases/download/0.12.9/uv-x86_64-apple-darwin.tar.gz"
url_api = "https://api.github.com/repos/astral-sh/uv/releases/assets/540201016"
provenance = "github-attestations"

[tools.uv."platforms.windows-x64"]
checksum = "sha256:ddbfcee1ac615a0499f6aa97b5ec8ebdf3ee4a7714a48055ec2ba0030e3cf810"
url = "https://github.com/astral-sh/uv/releases/download/0.12.9/uv-x86_64-pc-windows-msvc.zip"
url_api = "https://api.github.com/repos/astral-sh/uv/releases/assets/540201024"
provenance = "github-attestations"
